
Microsoft Visual Studio Solution File, Format Version 12.00
# Visual Studio Version 17
VisualStudioVersion = 17.11.35208.52
MinimumVisualStudioVersion = 10.0.40219.1
Project("{9A19103F-16F7-4668-BE54-9A1E7A4F7556}") = "SynchronousProblemDemo", "SynchronousProblemDemo\SynchronousProblemDemo.csproj", "{A997DA8D-EB9F-45BC-B15A-8A891E3F3280}"
EndProject
Project("{9A19103F-16F7-4668-BE54-9A1E7A4F7556}") = "2.ThreadDemo", "ThreadDemo\2.ThreadDemo.csproj", "{2E417F40-569B-4F1C-B631-77CAC568CA60}"
EndProject
Project("{9A19103F-16F7-4668-BE54-9A1E7A4F7556}") = "AsyncWithThread", "AsyncWithThread\AsyncWithThread.csproj", "{DC98E10B-F70A-4E57-AF45-E2E05FDCFDA4}"
EndProject
Project("{2150E333-8FDC-42A3-9474-1A3956D46DE8}") = "1.SyncVsAsyncDemo", "1.SyncVsAsyncDemo", "{CCEA2A88-17A4-4336-B55C-4D9763163D9B}"
EndProject
Project("{9A19103F-16F7-4668-BE54-9A1E7A4F7556}") = "3.AsyncAwaitDemo", "AsyncAwaitDemo\3.AsyncAwaitDemo.csproj", "{6DD32D5F-33B4-46F9-A6C4-637B718A9A82}"
EndProject
Global
	GlobalSection(SolutionConfigurationPlatforms) = preSolution
		Debug|Any CPU = Debug|Any CPU
		Release|Any CPU = Release|Any CPU
	EndGlobalSection
	GlobalSection(ProjectConfigurationPlatforms) = postSolution
		{A997DA8D-EB9F-45BC-B15A-8A891E3F3280}.Debug|Any CPU.ActiveCfg = Debug|Any CPU
		{A997DA8D-EB9F-45BC-B15A-8A891E3F3280}.Debug|Any CPU.Build.0 = Debug|Any CPU
		{A997DA8D-EB9F-45BC-B15A-8A891E3F3280}.Release|Any CPU.ActiveCfg = Release|Any CPU
		{A997DA8D-EB9F-45BC-B15A-8A891E3F3280}.Release|Any CPU.Build.0 = Release|Any CPU
		{2E417F40-569B-4F1C-B631-77CAC568CA60}.Debug|Any CPU.ActiveCfg = Debug|Any CPU
		{2E417F40-569B-4F1C-B631-77CAC568CA60}.Debug|Any CPU.Build.0 = Debug|Any CPU
		{2E417F40-569B-4F1C-B631-77CAC568CA60}.Release|Any CPU.ActiveCfg = Release|Any CPU
		{2E417F40-569B-4F1C-B631-77CAC568CA60}.Release|Any CPU.Build.0 = Release|Any CPU
		{DC98E10B-F70A-4E57-AF45-E2E05FDCFDA4}.Debug|Any CPU.ActiveCfg = Debug|Any CPU
		{DC98E10B-F70A-4E57-AF45-E2E05FDCFDA4}.Debug|Any CPU.Build.0 = Debug|Any CPU
		{DC98E10B-F70A-4E57-AF45-E2E05FDCFDA4}.Release|Any CPU.ActiveCfg = Release|Any CPU
		{DC98E10B-F70A-4E57-AF45-E2E05FDCFDA4}.Release|Any CPU.Build.0 = Release|Any CPU
		{6DD32D5F-33B4-46F9-A6C4-637B718A9A82}.Debug|Any CPU.ActiveCfg = Debug|Any CPU
		{6DD32D5F-33B4-46F9-A6C4-637B718A9A82}.Debug|Any CPU.Build.0 = Debug|Any CPU
		{6DD32D5F-33B4-46F9-A6C4-637B718A9A82}.Release|Any CPU.ActiveCfg = Release|Any CPU
		{6DD32D5F-33B4-46F9-A6C4-637B718A9A82}.Release|Any CPU.Build.0 = Release|Any CPU
	EndGlobalSection
	GlobalSection(SolutionProperties) = preSolution
		HideSolutionNode = FALSE
	EndGlobalSection
	GlobalSection(NestedProjects) = preSolution
		{A997DA8D-EB9F-45BC-B15A-8A891E3F3280} = {CCEA2A88-17A4-4336-B55C-4D9763163D9B}
		{DC98E10B-F70A-4E57-AF45-E2E05FDCFDA4} = {CCEA2A88-17A4-4336-B55C-4D9763163D9B}
	EndGlobalSection
	GlobalSection(ExtensibilityGlobals) = postSolution
		SolutionGuid = {E8354B72-3006-4923-BAD3-B1CE7F46A338}
	EndGlobalSection
EndGlobal
